PODS:
  - device_calendar (0.0.1):
    - Flutter
  - Flutter (1.0.0)
  - image_downloader (0.0.1):
    - Flutter
  - share (0.5.2):
    - Flutter
  - url_launcher (0.0.1):
    - Flutter

DEPENDENCIES:
  - device_calendar (from `.symlinks/plugins/device_calendar/ios`)
  - Flutter (from `.symlinks/flutter/ios`)
  - image_downloader (from `.symlinks/plugins/image_downloader/ios`)
  - share (from `.symlinks/plugins/share/ios`)
  - url_launcher (from `.symlinks/plugins/url_launcher/ios`)

EXTERNAL SOURCES:
  device_calendar:
    :path: ".symlinks/plugins/device_calendar/ios"
  Flutter:
    :path: ".symlinks/flutter/ios"
  image_downloader:
    :path: ".symlinks/plugins/image_downloader/ios"
  share:
    :path: ".symlinks/plugins/share/ios"
  url_launcher:
    :path: ".symlinks/plugins/url_launcher/ios"

SPEC CHECKSUMS:
  device_calendar: 23b28a5f1ab3bf77e34542fb1167e1b8b29a98f5
  Flutter: 58dd7d1b27887414a370fcccb9e645c08ffd7a6a
  image_downloader: e5e747da37f5270b2d549747fcef9d276224d7b1
  share: 7d22fe8baedfe93aefd864bf0b73f29711fbb0a3
  url_launcher: 0067ddb8f10d36786672aa0722a21717dba3a298

PODFILE CHECKSUM: ebd43b443038e611b86ede96e613bd6033c49497

COCOAPODS: 1.6.1
